
Microsoft Visual Studio Solution File, Format Version 12.00
# Visual Studio Version 17
VisualStudioVersion = 17.0.31903.59
MinimumVisualStudioVersion = 10.0.40219.1
Project("{2150E333-8FDC-42A3-9474-1A3956D46DE8}") = "src", "src", "{FDC205CF-C62D-4489-A8D8-A9693F6F1977}"
EndProject
Project("{FAE04EC0-301F-11D3-BF4B-00C04F79EFBC}") = "Verso.Abstractions", "src\Verso.Abstractions\Verso.Abstractions.csproj", "{C3DDCA1B-DB8F-4377-AD57-A1CE91BA9C91}"
EndProject
Project("{FAE04EC0-301F-11D3-BF4B-00C04F79EFBC}") = "Verso", "src\Verso\Verso.csproj", "{C5B16025-A6C2-4AC7-9695-C6E0FA284567}"
EndProject
Project("{2150E333-8FDC-42A3-9474-1A3956D46DE8}") = "tests", "tests", "{01B2C5E3-00CF-47C2-81D4-586351003AC8}"
EndProject
Project("{FAE04EC0-301F-11D3-BF4B-00C04F79EFBC}") = "Verso.Abstractions.Tests", "tests\Verso.Abstractions.Tests\Verso.Abstractions.Tests.csproj", "{FB5A7E0B-0DD6-473F-8E89-7BCD734ADD28}"
EndProject
Project("{FAE04EC0-301F-11D3-BF4B-00C04F79EFBC}") = "Verso.Tests", "tests\Verso.Tests\Verso.Tests.csproj", "{4FE8B691-3D54-4CBF-81D3-517EC20D50C4}"
EndProject
Project("{FAE04EC0-301F-11D3-BF4B-00C04F79EFBC}") = "Verso.Host", "src\Verso.Host\Verso.Host.csproj", "{F5428BB0-7B6A-4D06-8000-7141D9D38B44}"
EndProject
Project("{FAE04EC0-301F-11D3-BF4B-00C04F79EFBC}") = "Verso.Host.Tests", "tests\Verso.Host.Tests\Verso.Host.Tests.csproj", "{939EAC1F-E656-4D55-9E96-E63867FA092F}"
EndProject
Project("{FAE04EC0-301F-11D3-BF4B-00C04F79EFBC}") = "Verso.Blazor", "src\Verso.Blazor\Verso.Blazor.csproj", "{7BE5687D-2CEF-44B3-A781-FE25EE92C90D}"
EndProject
Project("{FAE04EC0-301F-11D3-BF4B-00C04F79EFBC}") = "Verso.Ado", "src\Verso.Ado\Verso.Ado.csproj", "{55F15970-D201-49F8-88D6-03DBB48045E5}"
EndProject
Project("{FAE04EC0-301F-11D3-BF4B-00C04F79EFBC}") = "Verso.Ado.Tests", "tests\Verso.Ado.Tests\Verso.Ado.Tests.csproj", "{CF43E6CF-55CB-413C-9E49-35C2872427D0}"
EndProject
Project("{FAE04EC0-301F-11D3-BF4B-00C04F79EFBC}") = "Verso.FSharp", "src\Verso.FSharp\Verso.FSharp.csproj", "{E005E663-E497-4257-BEFD-56B23FAA4F6E}"
EndProject
Project("{FAE04EC0-301F-11D3-BF4B-00C04F79EFBC}") = "Verso.FSharp.Tests", "tests\Verso.FSharp.Tests\Verso.FSharp.Tests.csproj", "{893D66E5-ABD9-40FF-89D6-DE4CAE54A2E3}"
EndProject
Project("{FAE04EC0-301F-11D3-BF4B-00C04F79EFBC}") = "Verso.Blazor.Shared", "src\Verso.Blazor.Shared\Verso.Blazor.Shared.csproj", "{1F9E0EBC-8C07-4445-9F87-C65A71A3D38C}"
EndProject
Project("{FAE04EC0-301F-11D3-BF4B-00C04F79EFBC}") = "Verso.Blazor.Wasm", "src\Verso.Blazor.Wasm\Verso.Blazor.Wasm.csproj", "{E9D487A2-D47F-4FBB-88C3-BBAE566CF722}"
EndProject
Project("{FAE04EC0-301F-11D3-BF4B-00C04F79EFBC}") = "Verso.Testing", "src\Verso.Testing\Verso.Testing.csproj", "{071194AB-324A-4873-BEF2-3A2C3B9DD0B6}"
EndProject
Project("{2150E333-8FDC-42A3-9474-1A3956D46DE8}") = "samples", "samples", "{8C1A6A40-19CE-4D8C-AE0E-B4BB17164FB3}"
EndProject
Project("{FAE04EC0-301F-11D3-BF4B-00C04F79EFBC}") = "Verso.Sample.Dice", "samples\SampleExtension\Verso.Sample.Dice\Verso.Sample.Dice.csproj", "{8853C1B6-F854-48B6-B485-4316663C6341}"
EndProject
Project("{FAE04EC0-301F-11D3-BF4B-00C04F79EFBC}") = "Verso.Sample.Dice.Tests", "samples\SampleExtension\Verso.Sample.Dice.Tests\Verso.Sample.Dice.Tests.csproj", "{F8375AF7-6191-4E6B-8045-4B785924B694}"
EndProject
Project("{2150E333-8FDC-42A3-9474-1A3956D46DE8}") = "templates", "templates", "{32C5CF40-B4B3-4DCF-9D1E-D7AE343EDBF4}"
EndProject
Project("{FAE04EC0-301F-11D3-BF4B-00C04F79EFBC}") = "Verso.Templates", "templates\Verso.Templates\Verso.Templates.csproj", "{95DD6C67-A6EE-41D9-AAA0-37D15F5D0DD3}"
EndProject
Project("{FAE04EC0-301F-11D3-BF4B-00C04F79EFBC}") = "Verso.Sample.Slides", "samples\SampleLayout\Verso.Sample.Slides\Verso.Sample.Slides.csproj", "{E3669EF4-37A7-4482-8ED2-A32ABF834332}"
EndProject
Project("{FAE04EC0-301F-11D3-BF4B-00C04F79EFBC}") = "Verso.Sample.Slides.Tests", "samples\SampleLayout\Verso.Sample.Slides.Tests\Verso.Sample.Slides.Tests.csproj", "{5CB6F97C-600F-4FF9-8AFD-11FDC95C6D56}"
EndProject
Project("{FAE04EC0-301F-11D3-BF4B-00C04F79EFBC}") = "Verso.Sample.Diagram", "samples\SampleCellType\Verso.Sample.Diagram\Verso.Sample.Diagram.csproj", "{D8809E12-B631-4741-9C5F-E798AE48BE4F}"
EndProject
Project("{FAE04EC0-301F-11D3-BF4B-00C04F79EFBC}") = "Verso.Sample.Diagram.Tests", "samples\SampleCellType\Verso.Sample.Diagram.Tests\Verso.Sample.Diagram.Tests.csproj", "{F72E2586-D9C4-411C-A2AA-82A67E089AD5}"
EndProject
Project("{FAE04EC0-301F-11D3-BF4B-00C04F79EFBC}") = "Verso.Blazor.Shared.Tests", "tests\Verso.Blazor.Shared.Tests\Verso.Blazor.Shared.Tests.csproj", "{DE491AB7-A766-4D5E-A97E-D9E84E9DA7A1}"
EndProject
Project("{FAE04EC0-301F-11D3-BF4B-00C04F79EFBC}") = "Verso.Python", "src\Verso.Python\Verso.Python.csproj", "{92B4E483-987E-4E27-881A-5F45B3444BDE}"
EndProject
Project("{FAE04EC0-301F-11D3-BF4B-00C04F79EFBC}") = "Verso.Python.Tests", "tests\Verso.Python.Tests\Verso.Python.Tests.csproj", "{0BDA6A88-A3B3-47BA-8A3A-06DE2DC910E3}"
EndProject
Project("{FAE04EC0-301F-11D3-BF4B-00C04F79EFBC}") = "Verso.PowerShell", "src\Verso.PowerShell\Verso.PowerShell.csproj", "{A3A18126-54CC-4546-BEEC-216359C0E2A4}"
EndProject
Project("{FAE04EC0-301F-11D3-BF4B-00C04F79EFBC}") = "Verso.PowerShell.Tests", "tests\Verso.PowerShell.Tests\Verso.PowerShell.Tests.csproj", "{46C1778A-1F17-41F8-93CA-F684DDE3D980}"
EndProject
Project("{FAE04EC0-301F-11D3-BF4B-00C04F79EFBC}") = "Verso.Http", "src\Verso.Http\Verso.Http.csproj", "{A425DC2B-DB79-4FA4-912F-CCD3052BB0D0}"
EndProject
Project("{FAE04EC0-301F-11D3-BF4B-00C04F79EFBC}") = "Verso.Http.Tests", "tests\Verso.Http.Tests\Verso.Http.Tests.csproj", "{23B5D202-4DF9-4DB6-BF15-BBC09DA93E8C}"
EndProject
Project("{2150E333-8FDC-42A3-9474-1A3956D46DE8}") = "SampleKernel", "SampleKernel", "{7BD3E198-6D23-AD67-DCEF-7B69C8FA0960}"
EndProject
Project("{FAE04EC0-301F-11D3-BF4B-00C04F79EFBC}") = "Verso.Sample.Perl", "samples\SampleKernel\Verso.Sample.Perl\Verso.Sample.Perl.csproj", "{82567AAE-80B6-4493-898E-92666DAF0114}"
EndProject
Project("{FAE04EC0-301F-11D3-BF4B-00C04F79EFBC}") = "Verso.JavaScript", "src\Verso.JavaScript\Verso.JavaScript.csproj", "{EB3F05A2-239E-4ED3-8D9C-20D9C9AE5993}"
EndProject
Project("{FAE04EC0-301F-11D3-BF4B-00C04F79EFBC}") = "Verso.JavaScript.Tests", "tests\Verso.JavaScript.Tests\Verso.JavaScript.Tests.csproj", "{A1F4D87B-151C-46B0-B2E0-FA713585DF08}"
EndProject
Project("{FAE04EC0-301F-11D3-BF4B-00C04F79EFBC}") = "Verso.Cli", "src\Verso.Cli\Verso.Cli.csproj", "{E3515FF0-35F4-49B5-9AB5-7D76595784CC}"
EndProject
Project("{FAE04EC0-301F-11D3-BF4B-00C04F79EFBC}") = "Verso.Cli.Tests", "tests\Verso.Cli.Tests\Verso.Cli.Tests.csproj", "{8761A580-6DB5-490F-802A-5F1E06BBDACF}"
EndProject
Global
	GlobalSection(SolutionConfigurationPlatforms) = preSolution
		Debug|Any CPU = Debug|Any CPU
		Debug|x64 = Debug|x64
		Debug|x86 = Debug|x86
		Release|Any CPU = Release|Any CPU
		Release|x64 = Release|x64
		Release|x86 = Release|x86
	EndGlobalSection
	GlobalSection(ProjectConfigurationPlatforms) = postSolution
		{C3DDCA1B-DB8F-4377-AD57-A1CE91BA9C91}.Debug|Any CPU.ActiveCfg = Debug|Any CPU
		{C3DDCA1B-DB8F-4377-AD57-A1CE91BA9C91}.Debug|Any CPU.Build.0 = Debug|Any CPU
		{C3DDCA1B-DB8F-4377-AD57-A1CE91BA9C91}.Debug|x64.ActiveCfg = Debug|Any CPU
		{C3DDCA1B-DB8F-4377-AD57-A1CE91BA9C91}.Debug|x64.Build.0 = Debug|Any CPU
		{C3DDCA1B-DB8F-4377-AD57-A1CE91BA9C91}.Debug|x86.ActiveCfg = Debug|Any CPU
		{C3DDCA1B-DB8F-4377-AD57-A1CE91BA9C91}.Debug|x86.Build.0 = Debug|Any CPU
		{C3DDCA1B-DB8F-4377-AD57-A1CE91BA9C91}.Release|Any CPU.ActiveCfg = Release|Any CPU
		{C3DDCA1B-DB8F-4377-AD57-A1CE91BA9C91}.Release|Any CPU.Build.0 = Release|Any CPU
		{C3DDCA1B-DB8F-4377-AD57-A1CE91BA9C91}.Release|x64.ActiveCfg = Release|Any CPU
		{C3DDCA1B-DB8F-4377-AD57-A1CE91BA9C91}.Release|x64.Build.0 = Release|Any CPU
		{C3DDCA1B-DB8F-4377-AD57-A1CE91BA9C91}.Release|x86.ActiveCfg = Release|Any CPU
		{C3DDCA1B-DB8F-4377-AD57-A1CE91BA9C91}.Release|x86.Build.0 = Release|Any CPU
		{C5B16025-A6C2-4AC7-9695-C6E0FA284567}.Debug|Any CPU.ActiveCfg = Debug|Any CPU
		{C5B16025-A6C2-4AC7-9695-C6E0FA284567}.Debug|Any CPU.Build.0 = Debug|Any CPU
		{C5B16025-A6C2-4AC7-9695-C6E0FA284567}.Debug|x64.ActiveCfg = Debug|Any CPU
		{C5B16025-A6C2-4AC7-9695-C6E0FA284567}.Debug|x64.Build.0 = Debug|Any CPU
		{C5B16025-A6C2-4AC7-9695-C6E0FA284567}.Debug|x86.ActiveCfg = Debug|Any CPU
		{C5B16025-A6C2-4AC7-9695-C6E0FA284567}.Debug|x86.Build.0 = Debug|Any CPU
		{C5B16025-A6C2-4AC7-9695-C6E0FA284567}.Release|Any CPU.ActiveCfg = Release|Any CPU
		{C5B16025-A6C2-4AC7-9695-C6E0FA284567}.Release|Any CPU.Build.0 = Release|Any CPU
		{C5B16025-A6C2-4AC7-9695-C6E0FA284567}.Release|x64.ActiveCfg = Release|Any CPU
		{C5B16025-A6C2-4AC7-9695-C6E0FA284567}.Release|x64.Build.0 = Release|Any CPU
		{C5B16025-A6C2-4AC7-9695-C6E0FA284567}.Release|x86.ActiveCfg = Release|Any CPU
		{C5B16025-A6C2-4AC7-9695-C6E0FA284567}.Release|x86.Build.0 = Release|Any CPU
		{FB5A7E0B-0DD6-473F-8E89-7BCD734ADD28}.Debug|Any CPU.ActiveCfg = Debug|Any CPU
		{FB5A7E0B-0DD6-473F-8E89-7BCD734ADD28}.Debug|Any CPU.Build.0 = Debug|Any CPU
		{FB5A7E0B-0DD6-473F-8E89-7BCD734ADD28}.Debug|x64.ActiveCfg = Debug|Any CPU
		{FB5A7E0B-0DD6-473F-8E89-7BCD734ADD28}.Debug|x64.Build.0 = Debug|Any CPU
		{FB5A7E0B-0DD6-473F-8E89-7BCD734ADD28}.Debug|x86.ActiveCfg = Debug|Any CPU
		{FB5A7E0B-0DD6-473F-8E89-7BCD734ADD28}.Debug|x86.Build.0 = Debug|Any CPU
		{FB5A7E0B-0DD6-473F-8E89-7BCD734ADD28}.Release|Any CPU.ActiveCfg = Release|Any CPU
		{FB5A7E0B-0DD6-473F-8E89-7BCD734ADD28}.Release|Any CPU.Build.0 = Release|Any CPU
		{FB5A7E0B-0DD6-473F-8E89-7BCD734ADD28}.Release|x64.ActiveCfg = Release|Any CPU
		{FB5A7E0B-0DD6-473F-8E89-7BCD734ADD28}.Release|x64.Build.0 = Release|Any CPU
		{FB5A7E0B-0DD6-473F-8E89-7BCD734ADD28}.Release|x86.ActiveCfg = Release|Any CPU
		{FB5A7E0B-0DD6-473F-8E89-7BCD734ADD28}.Release|x86.Build.0 = Release|Any CPU
		{4FE8B691-3D54-4CBF-81D3-517EC20D50C4}.Debug|Any CPU.ActiveCfg = Debug|Any CPU
		{4FE8B691-3D54-4CBF-81D3-517EC20D50C4}.Debug|Any CPU.Build.0 = Debug|Any CPU
		{4FE8B691-3D54-4CBF-81D3-517EC20D50C4}.Debug|x64.ActiveCfg = Debug|Any CPU
		{4FE8B691-3D54-4CBF-81D3-517EC20D50C4}.Debug|x64.Build.0 = Debug|Any CPU
		{4FE8B691-3D54-4CBF-81D3-517EC20D50C4}.Debug|x86.ActiveCfg = Debug|Any CPU
		{4FE8B691-3D54-4CBF-81D3-517EC20D50C4}.Debug|x86.Build.0 = Debug|Any CPU
		{4FE8B691-3D54-4CBF-81D3-517EC20D50C4}.Release|Any CPU.ActiveCfg = Release|Any CPU
		{4FE8B691-3D54-4CBF-81D3-517EC20D50C4}.Release|Any CPU.Build.0 = Release|Any CPU
		{4FE8B691-3D54-4CBF-81D3-517EC20D50C4}.Release|x64.ActiveCfg = Release|Any CPU
		{4FE8B691-3D54-4CBF-81D3-517EC20D50C4}.Release|x64.Build.0 = Release|Any CPU
		{4FE8B691-3D54-4CBF-81D3-517EC20D50C4}.Release|x86.ActiveCfg = Release|Any CPU
		{4FE8B691-3D54-4CBF-81D3-517EC20D50C4}.Release|x86.Build.0 = Release|Any CPU
		{F5428BB0-7B6A-4D06-8000-7141D9D38B44}.Debug|Any CPU.ActiveCfg = Debug|Any CPU
		{F5428BB0-7B6A-4D06-8000-7141D9D38B44}.Debug|Any CPU.Build.0 = Debug|Any CPU
		{F5428BB0-7B6A-4D06-8000-7141D9D38B44}.Debug|x64.ActiveCfg = Debug|Any CPU
		{F5428BB0-7B6A-4D06-8000-7141D9D38B44}.Debug|x64.Build.0 = Debug|Any CPU
		{F5428BB0-7B6A-4D06-8000-7141D9D38B44}.Debug|x86.ActiveCfg = Debug|Any CPU
		{F5428BB0-7B6A-4D06-8000-7141D9D38B44}.Debug|x86.Build.0 = Debug|Any CPU
		{F5428BB0-7B6A-4D06-8000-7141D9D38B44}.Release|Any CPU.ActiveCfg = Release|Any CPU
		{F5428BB0-7B6A-4D06-8000-7141D9D38B44}.Release|Any CPU.Build.0 = Release|Any CPU
		{F5428BB0-7B6A-4D06-8000-7141D9D38B44}.Release|x64.ActiveCfg = Release|Any CPU
		{F5428BB0-7B6A-4D06-8000-7141D9D38B44}.Release|x64.Build.0 = Release|Any CPU
		{F5428BB0-7B6A-4D06-8000-7141D9D38B44}.Release|x86.ActiveCfg = Release|Any CPU
		{F5428BB0-7B6A-4D06-8000-7141D9D38B44}.Release|x86.Build.0 = Release|Any CPU
		{939EAC1F-E656-4D55-9E96-E63867FA092F}.Debug|Any CPU.ActiveCfg = Debug|Any CPU
		{939EAC1F-E656-4D55-9E96-E63867FA092F}.Debug|Any CPU.Build.0 = Debug|Any CPU
		{939EAC1F-E656-4D55-9E96-E63867FA092F}.Debug|x64.ActiveCfg = Debug|Any CPU
		{939EAC1F-E656-4D55-9E96-E63867FA092F}.Debug|x64.Build.0 = Debug|Any CPU
		{939EAC1F-E656-4D55-9E96-E63867FA092F}.Debug|x86.ActiveCfg = Debug|Any CPU
		{939EAC1F-E656-4D55-9E96-E63867FA092F}.Debug|x86.Build.0 = Debug|Any CPU
		{939EAC1F-E656-4D55-9E96-E63867FA092F}.Release|Any CPU.ActiveCfg = Release|Any CPU
		{939EAC1F-E656-4D55-9E96-E63867FA092F}.Release|Any CPU.Build.0 = Release|Any CPU
		{939EAC1F-E656-4D55-9E96-E63867FA092F}.Release|x64.ActiveCfg = Release|Any CPU
		{939EAC1F-E656-4D55-9E96-E63867FA092F}.Release|x64.Build.0 = Release|Any CPU
		{939EAC1F-E656-4D55-9E96-E63867FA092F}.Release|x86.ActiveCfg = Release|Any CPU
		{939EAC1F-E656-4D55-9E96-E63867FA092F}.Release|x86.Build.0 = Release|Any CPU
		{7BE5687D-2CEF-44B3-A781-FE25EE92C90D}.Debug|Any CPU.ActiveCfg = Debug|Any CPU
		{7BE5687D-2CEF-44B3-A781-FE25EE92C90D}.Debug|Any CPU.Build.0 = Debug|Any CPU
		{7BE5687D-2CEF-44B3-A781-FE25EE92C90D}.Debug|x64.ActiveCfg = Debug|Any CPU
		{7BE5687D-2CEF-44B3-A781-FE25EE92C90D}.Debug|x64.Build.0 = Debug|Any CPU
		{7BE5687D-2CEF-44B3-A781-FE25EE92C90D}.Debug|x86.ActiveCfg = Debug|Any CPU
		{7BE5687D-2CEF-44B3-A781-FE25EE92C90D}.Debug|x86.Build.0 = Debug|Any CPU
		{7BE5687D-2CEF-44B3-A781-FE25EE92C90D}.Release|Any CPU.ActiveCfg = Release|Any CPU
		{7BE5687D-2CEF-44B3-A781-FE25EE92C90D}.Release|Any CPU.Build.0 = Release|Any CPU
		{7BE5687D-2CEF-44B3-A781-FE25EE92C90D}.Release|x64.ActiveCfg = Release|Any CPU
		{7BE5687D-2CEF-44B3-A781-FE25EE92C90D}.Release|x64.Build.0 = Release|Any CPU
		{7BE5687D-2CEF-44B3-A781-FE25EE92C90D}.Release|x86.ActiveCfg = Release|Any CPU
		{7BE5687D-2CEF-44B3-A781-FE25EE92C90D}.Release|x86.Build.0 = Release|Any CPU
		{55F15970-D201-49F8-88D6-03DBB48045E5}.Debug|Any CPU.ActiveCfg = Debug|Any CPU
		{55F15970-D201-49F8-88D6-03DBB48045E5}.Debug|Any CPU.Build.0 = Debug|Any CPU
		{55F15970-D201-49F8-88D6-03DBB48045E5}.Debug|x64.ActiveCfg = Debug|Any CPU
		{55F15970-D201-49F8-88D6-03DBB48045E5}.Debug|x64.Build.0 = Debug|Any CPU
		{55F15970-D201-49F8-88D6-03DBB48045E5}.Debug|x86.ActiveCfg = Debug|Any CPU
		{55F15970-D201-49F8-88D6-03DBB48045E5}.Debug|x86.Build.0 = Debug|Any CPU
		{55F15970-D201-49F8-88D6-03DBB48045E5}.Release|Any CPU.ActiveCfg = Release|Any CPU
		{55F15970-D201-49F8-88D6-03DBB48045E5}.Release|Any CPU.Build.0 = Release|Any CPU
		{55F15970-D201-49F8-88D6-03DBB48045E5}.Release|x64.ActiveCfg = Release|Any CPU
		{55F15970-D201-49F8-88D6-03DBB48045E5}.Release|x64.Build.0 = Release|Any CPU
		{55F15970-D201-49F8-88D6-03DBB48045E5}.Release|x86.ActiveCfg = Release|Any CPU
		{55F15970-D201-49F8-88D6-03DBB48045E5}.Release|x86.Build.0 = Release|Any CPU
		{CF43E6CF-55CB-413C-9E49-35C2872427D0}.Debug|Any CPU.ActiveCfg = Debug|Any CPU
		{CF43E6CF-55CB-413C-9E49-35C2872427D0}.Debug|Any CPU.Build.0 = Debug|Any CPU
		{CF43E6CF-55CB-413C-9E49-35C2872427D0}.Debug|x64.ActiveCfg = Debug|Any CPU
		{CF43E6CF-55CB-413C-9E49-35C2872427D0}.Debug|x64.Build.0 = Debug|Any CPU
		{CF43E6CF-55CB-413C-9E49-35C2872427D0}.Debug|x86.ActiveCfg = Debug|Any CPU
		{CF43E6CF-55CB-413C-9E49-35C2872427D0}.Debug|x86.Build.0 = Debug|Any CPU
		{CF43E6CF-55CB-413C-9E49-35C2872427D0}.Release|Any CPU.ActiveCfg = Release|Any CPU
		{CF43E6CF-55CB-413C-9E49-35C2872427D0}.Release|Any CPU.Build.0 = Release|Any CPU
		{CF43E6CF-55CB-413C-9E49-35C2872427D0}.Release|x64.ActiveCfg = Release|Any CPU
		{CF43E6CF-55CB-413C-9E49-35C2872427D0}.Release|x64.Build.0 = Release|Any CPU
		{CF43E6CF-55CB-413C-9E49-35C2872427D0}.Release|x86.ActiveCfg = Release|Any CPU
		{CF43E6CF-55CB-413C-9E49-35C2872427D0}.Release|x86.Build.0 = Release|Any CPU
		{E005E663-E497-4257-BEFD-56B23FAA4F6E}.Debug|Any CPU.ActiveCfg = Debug|Any CPU
		{E005E663-E497-4257-BEFD-56B23FAA4F6E}.Debug|Any CPU.Build.0 = Debug|Any CPU
		{E005E663-E497-4257-BEFD-56B23FAA4F6E}.Debug|x64.ActiveCfg = Debug|Any CPU
		{E005E663-E497-4257-BEFD-56B23FAA4F6E}.Debug|x64.Build.0 = Debug|Any CPU
		{E005E663-E497-4257-BEFD-56B23FAA4F6E}.Debug|x86.ActiveCfg = Debug|Any CPU
		{E005E663-E497-4257-BEFD-56B23FAA4F6E}.Debug|x86.Build.0 = Debug|Any CPU
		{E005E663-E497-4257-BEFD-56B23FAA4F6E}.Release|Any CPU.ActiveCfg = Release|Any CPU
		{E005E663-E497-4257-BEFD-56B23FAA4F6E}.Release|Any CPU.Build.0 = Release|Any CPU
		{E005E663-E497-4257-BEFD-56B23FAA4F6E}.Release|x64.ActiveCfg = Release|Any CPU
		{E005E663-E497-4257-BEFD-56B23FAA4F6E}.Release|x64.Build.0 = Release|Any CPU
		{E005E663-E497-4257-BEFD-56B23FAA4F6E}.Release|x86.ActiveCfg = Release|Any CPU
		{E005E663-E497-4257-BEFD-56B23FAA4F6E}.Release|x86.Build.0 = Release|Any CPU
		{893D66E5-ABD9-40FF-89D6-DE4CAE54A2E3}.Debug|Any CPU.ActiveCfg = Debug|Any CPU
		{893D66E5-ABD9-40FF-89D6-DE4CAE54A2E3}.Debug|Any CPU.Build.0 = Debug|Any CPU
		{893D66E5-ABD9-40FF-89D6-DE4CAE54A2E3}.Debug|x64.ActiveCfg = Debug|Any CPU
		{893D66E5-ABD9-40FF-89D6-DE4CAE54A2E3}.Debug|x64.Build.0 = Debug|Any CPU
		{893D66E5-ABD9-40FF-89D6-DE4CAE54A2E3}.Debug|x86.ActiveCfg = Debug|Any CPU
		{893D66E5-ABD9-40FF-89D6-DE4CAE54A2E3}.Debug|x86.Build.0 = Debug|Any CPU
		{893D66E5-ABD9-40FF-89D6-DE4CAE54A2E3}.Release|Any CPU.ActiveCfg = Release|Any CPU
		{893D66E5-ABD9-40FF-89D6-DE4CAE54A2E3}.Release|Any CPU.Build.0 = Release|Any CPU
		{893D66E5-ABD9-40FF-89D6-DE4CAE54A2E3}.Release|x64.ActiveCfg = Release|Any CPU
		{893D66E5-ABD9-40FF-89D6-DE4CAE54A2E3}.Release|x64.Build.0 = Release|Any CPU
		{893D66E5-ABD9-40FF-89D6-DE4CAE54A2E3}.Release|x86.ActiveCfg = Release|Any CPU
		{893D66E5-ABD9-40FF-89D6-DE4CAE54A2E3}.Release|x86.Build.0 = Release|Any CPU
		{1F9E0EBC-8C07-4445-9F87-C65A71A3D38C}.Debug|Any CPU.ActiveCfg = Debug|Any CPU
		{1F9E0EBC-8C07-4445-9F87-C65A71A3D38C}.Debug|Any CPU.Build.0 = Debug|Any CPU
		{1F9E0EBC-8C07-4445-9F87-C65A71A3D38C}.Debug|x64.ActiveCfg = Debug|Any CPU
		{1F9E0EBC-8C07-4445-9F87-C65A71A3D38C}.Debug|x64.Build.0 = Debug|Any CPU
		{1F9E0EBC-8C07-4445-9F87-C65A71A3D38C}.Debug|x86.ActiveCfg = Debug|Any CPU
		{1F9E0EBC-8C07-4445-9F87-C65A71A3D38C}.Debug|x86.Build.0 = Debug|Any CPU
		{1F9E0EBC-8C07-4445-9F87-C65A71A3D38C}.Release|Any CPU.ActiveCfg = Release|Any CPU
		{1F9E0EBC-8C07-4445-9F87-C65A71A3D38C}.Release|Any CPU.Build.0 = Release|Any CPU
		{1F9E0EBC-8C07-4445-9F87-C65A71A3D38C}.Release|x64.ActiveCfg = Release|Any CPU
		{1F9E0EBC-8C07-4445-9F87-C65A71A3D38C}.Release|x64.Build.0 = Release|Any CPU
		{1F9E0EBC-8C07-4445-9F87-C65A71A3D38C}.Release|x86.ActiveCfg = Release|Any CPU
		{1F9E0EBC-8C07-4445-9F87-C65A71A3D38C}.Release|x86.Build.0 = Release|Any CPU
		{E9D487A2-D47F-4FBB-88C3-BBAE566CF722}.Debug|Any CPU.ActiveCfg = Debug|Any CPU
		{E9D487A2-D47F-4FBB-88C3-BBAE566CF722}.Debug|Any CPU.Build.0 = Debug|Any CPU
		{E9D487A2-D47F-4FBB-88C3-BBAE566CF722}.Debug|x64.ActiveCfg = Debug|Any CPU
		{E9D487A2-D47F-4FBB-88C3-BBAE566CF722}.Debug|x64.Build.0 = Debug|Any CPU
		{E9D487A2-D47F-4FBB-88C3-BBAE566CF722}.Debug|x86.ActiveCfg = Debug|Any CPU
		{E9D487A2-D47F-4FBB-88C3-BBAE566CF722}.Debug|x86.Build.0 = Debug|Any CPU
		{E9D487A2-D47F-4FBB-88C3-BBAE566CF722}.Release|Any CPU.ActiveCfg = Release|Any CPU
		{E9D487A2-D47F-4FBB-88C3-BBAE566CF722}.Release|Any CPU.Build.0 = Release|Any CPU
		{E9D487A2-D47F-4FBB-88C3-BBAE566CF722}.Release|x64.ActiveCfg = Release|Any CPU
		{E9D487A2-D47F-4FBB-88C3-BBAE566CF722}.Release|x64.Build.0 = Release|Any CPU
		{E9D487A2-D47F-4FBB-88C3-BBAE566CF722}.Release|x86.ActiveCfg = Release|Any CPU
		{E9D487A2-D47F-4FBB-88C3-BBAE566CF722}.Release|x86.Build.0 = Release|Any CPU
		{071194AB-324A-4873-BEF2-3A2C3B9DD0B6}.Debug|Any CPU.ActiveCfg = Debug|Any CPU
		{071194AB-324A-4873-BEF2-3A2C3B9DD0B6}.Debug|Any CPU.Build.0 = Debug|Any CPU
		{071194AB-324A-4873-BEF2-3A2C3B9DD0B6}.Debug|x64.ActiveCfg = Debug|Any CPU
		{071194AB-324A-4873-BEF2-3A2C3B9DD0B6}.Debug|x64.Build.0 = Debug|Any CPU
		{071194AB-324A-4873-BEF2-3A2C3B9DD0B6}.Debug|x86.ActiveCfg = Debug|Any CPU
		{071194AB-324A-4873-BEF2-3A2C3B9DD0B6}.Debug|x86.Build.0 = Debug|Any CPU
		{071194AB-324A-4873-BEF2-3A2C3B9DD0B6}.Release|Any CPU.ActiveCfg = Release|Any CPU
		{071194AB-324A-4873-BEF2-3A2C3B9DD0B6}.Release|Any CPU.Build.0 = Release|Any CPU
		{071194AB-324A-4873-BEF2-3A2C3B9DD0B6}.Release|x64.ActiveCfg = Release|Any CPU
		{071194AB-324A-4873-BEF2-3A2C3B9DD0B6}.Release|x64.Build.0 = Release|Any CPU
		{071194AB-324A-4873-BEF2-3A2C3B9DD0B6}.Release|x86.ActiveCfg = Release|Any CPU
		{071194AB-324A-4873-BEF2-3A2C3B9DD0B6}.Release|x86.Build.0 = Release|Any CPU
		{8853C1B6-F854-48B6-B485-4316663C6341}.Debug|Any CPU.ActiveCfg = Debug|Any CPU
		{8853C1B6-F854-48B6-B485-4316663C6341}.Debug|Any CPU.Build.0 = Debug|Any CPU
		{8853C1B6-F854-48B6-B485-4316663C6341}.Debug|x64.ActiveCfg = Debug|Any CPU
		{8853C1B6-F854-48B6-B485-4316663C6341}.Debug|x64.Build.0 = Debug|Any CPU
		{8853C1B6-F854-48B6-B485-4316663C6341}.Debug|x86.ActiveCfg = Debug|Any CPU
		{8853C1B6-F854-48B6-B485-4316663C6341}.Debug|x86.Build.0 = Debug|Any CPU
		{8853C1B6-F854-48B6-B485-4316663C6341}.Release|Any CPU.ActiveCfg = Release|Any CPU
		{8853C1B6-F854-48B6-B485-4316663C6341}.Release|Any CPU.Build.0 = Release|Any CPU
		{8853C1B6-F854-48B6-B485-4316663C6341}.Release|x64.ActiveCfg = Release|Any CPU
		{8853C1B6-F854-48B6-B485-4316663C6341}.Release|x64.Build.0 = Release|Any CPU
		{8853C1B6-F854-48B6-B485-4316663C6341}.Release|x86.ActiveCfg = Release|Any CPU
		{8853C1B6-F854-48B6-B485-4316663C6341}.Release|x86.Build.0 = Release|Any CPU
		{F8375AF7-6191-4E6B-8045-4B785924B694}.Debug|Any CPU.ActiveCfg = Debug|Any CPU
		{F8375AF7-6191-4E6B-8045-4B785924B694}.Debug|Any CPU.Build.0 = Debug|Any CPU
		{F8375AF7-6191-4E6B-8045-4B785924B694}.Debug|x64.ActiveCfg = Debug|Any CPU
		{F8375AF7-6191-4E6B-8045-4B785924B694}.Debug|x64.Build.0 = Debug|Any CPU
		{F8375AF7-6191-4E6B-8045-4B785924B694}.Debug|x86.ActiveCfg = Debug|Any CPU
		{F8375AF7-6191-4E6B-8045-4B785924B694}.Debug|x86.Build.0 = Debug|Any CPU
		{F8375AF7-6191-4E6B-8045-4B785924B694}.Release|Any CPU.ActiveCfg = Release|Any CPU
		{F8375AF7-6191-4E6B-8045-4B785924B694}.Release|Any CPU.Build.0 = Release|Any CPU
		{F8375AF7-6191-4E6B-8045-4B785924B694}.Release|x64.ActiveCfg = Release|Any CPU
		{F8375AF7-6191-4E6B-8045-4B785924B694}.Release|x64.Build.0 = Release|Any CPU
		{F8375AF7-6191-4E6B-8045-4B785924B694}.Release|x86.ActiveCfg = Release|Any CPU
		{F8375AF7-6191-4E6B-8045-4B785924B694}.Release|x86.Build.0 = Release|Any CPU
		{95DD6C67-A6EE-41D9-AAA0-37D15F5D0DD3}.Debug|Any CPU.ActiveCfg = Debug|Any CPU
		{95DD6C67-A6EE-41D9-AAA0-37D15F5D0DD3}.Debug|Any CPU.Build.0 = Debug|Any CPU
		{95DD6C67-A6EE-41D9-AAA0-37D15F5D0DD3}.Debug|x64.ActiveCfg = Debug|Any CPU
		{95DD6C67-A6EE-41D9-AAA0-37D15F5D0DD3}.Debug|x64.Build.0 = Debug|Any CPU
		{95DD6C67-A6EE-41D9-AAA0-37D15F5D0DD3}.Debug|x86.ActiveCfg = Debug|Any CPU
		{95DD6C67-A6EE-41D9-AAA0-37D15F5D0DD3}.Debug|x86.Build.0 = Debug|Any CPU
		{95DD6C67-A6EE-41D9-AAA0-37D15F5D0DD3}.Release|Any CPU.ActiveCfg = Release|Any CPU
		{95DD6C67-A6EE-41D9-AAA0-37D15F5D0DD3}.Release|Any CPU.Build.0 = Release|Any CPU
		{95DD6C67-A6EE-41D9-AAA0-37D15F5D0DD3}.Release|x64.ActiveCfg = Release|Any CPU
		{95DD6C67-A6EE-41D9-AAA0-37D15F5D0DD3}.Release|x64.Build.0 = Release|Any CPU
		{95DD6C67-A6EE-41D9-AAA0-37D15F5D0DD3}.Release|x86.ActiveCfg = Release|Any CPU
		{95DD6C67-A6EE-41D9-AAA0-37D15F5D0DD3}.Release|x86.Build.0 = Release|Any CPU
		{E3669EF4-37A7-4482-8ED2-A32ABF834332}.Debug|Any CPU.ActiveCfg = Debug|Any CPU
		{E3669EF4-37A7-4482-8ED2-A32ABF834332}.Debug|Any CPU.Build.0 = Debug|Any CPU
		{E3669EF4-37A7-4482-8ED2-A32ABF834332}.Debug|x64.ActiveCfg = Debug|Any CPU
		{E3669EF4-37A7-4482-8ED2-A32ABF834332}.Debug|x64.Build.0 = Debug|Any CPU
		{E3669EF4-37A7-4482-8ED2-A32ABF834332}.Debug|x86.ActiveCfg = Debug|Any CPU
		{E3669EF4-37A7-4482-8ED2-A32ABF834332}.Debug|x86.Build.0 = Debug|Any CPU
		{E3669EF4-37A7-4482-8ED2-A32ABF834332}.Release|Any CPU.ActiveCfg = Release|Any CPU
		{E3669EF4-37A7-4482-8ED2-A32ABF834332}.Release|Any CPU.Build.0 = Release|Any CPU
		{E3669EF4-37A7-4482-8ED2-A32ABF834332}.Release|x64.ActiveCfg = Release|Any CPU
		{E3669EF4-37A7-4482-8ED2-A32ABF834332}.Release|x64.Build.0 = Release|Any CPU
		{E3669EF4-37A7-4482-8ED2-A32ABF834332}.Release|x86.ActiveCfg = Release|Any CPU
		{E3669EF4-37A7-4482-8ED2-A32ABF834332}.Release|x86.Build.0 = Release|Any CPU
		{5CB6F97C-600F-4FF9-8AFD-11FDC95C6D56}.Debug|Any CPU.ActiveCfg = Debug|Any CPU
		{5CB6F97C-600F-4FF9-8AFD-11FDC95C6D56}.Debug|Any CPU.Build.0 = Debug|Any CPU
		{5CB6F97C-600F-4FF9-8AFD-11FDC95C6D56}.Debug|x64.ActiveCfg = Debug|Any CPU
		{5CB6F97C-600F-4FF9-8AFD-11FDC95C6D56}.Debug|x64.Build.0 = Debug|Any CPU
		{5CB6F97C-600F-4FF9-8AFD-11FDC95C6D56}.Debug|x86.ActiveCfg = Debug|Any CPU
		{5CB6F97C-600F-4FF9-8AFD-11FDC95C6D56}.Debug|x86.Build.0 = Debug|Any CPU
		{5CB6F97C-600F-4FF9-8AFD-11FDC95C6D56}.Release|Any CPU.ActiveCfg = Release|Any CPU
		{5CB6F97C-600F-4FF9-8AFD-11FDC95C6D56}.Release|Any CPU.Build.0 = Release|Any CPU
		{5CB6F97C-600F-4FF9-8AFD-11FDC95C6D56}.Release|x64.ActiveCfg = Release|Any CPU
		{5CB6F97C-600F-4FF9-8AFD-11FDC95C6D56}.Release|x64.Build.0 = Release|Any CPU
		{5CB6F97C-600F-4FF9-8AFD-11FDC95C6D56}.Release|x86.ActiveCfg = Release|Any CPU
		{5CB6F97C-600F-4FF9-8AFD-11FDC95C6D56}.Release|x86.Build.0 = Release|Any CPU
		{D8809E12-B631-4741-9C5F-E798AE48BE4F}.Debug|Any CPU.ActiveCfg = Debug|Any CPU
		{D8809E12-B631-4741-9C5F-E798AE48BE4F}.Debug|Any CPU.Build.0 = Debug|Any CPU
		{D8809E12-B631-4741-9C5F-E798AE48BE4F}.Debug|x64.ActiveCfg = Debug|Any CPU
		{D8809E12-B631-4741-9C5F-E798AE48BE4F}.Debug|x64.Build.0 = Debug|Any CPU
		{D8809E12-B631-4741-9C5F-E798AE48BE4F}.Debug|x86.ActiveCfg = Debug|Any CPU
		{D8809E12-B631-4741-9C5F-E798AE48BE4F}.Debug|x86.Build.0 = Debug|Any CPU
		{D8809E12-B631-4741-9C5F-E798AE48BE4F}.Release|Any CPU.ActiveCfg = Release|Any CPU
		{D8809E12-B631-4741-9C5F-E798AE48BE4F}.Release|Any CPU.Build.0 = Release|Any CPU
		{D8809E12-B631-4741-9C5F-E798AE48BE4F}.Release|x64.ActiveCfg = Release|Any CPU
		{D8809E12-B631-4741-9C5F-E798AE48BE4F}.Release|x64.Build.0 = Release|Any CPU
		{D8809E12-B631-4741-9C5F-E798AE48BE4F}.Release|x86.ActiveCfg = Release|Any CPU
		{D8809E12-B631-4741-9C5F-E798AE48BE4F}.Release|x86.Build.0 = Release|Any CPU
		{F72E2586-D9C4-411C-A2AA-82A67E089AD5}.Debug|Any CPU.ActiveCfg = Debug|Any CPU
		{F72E2586-D9C4-411C-A2AA-82A67E089AD5}.Debug|Any CPU.Build.0 = Debug|Any CPU
		{F72E2586-D9C4-411C-A2AA-82A67E089AD5}.Debug|x64.ActiveCfg = Debug|Any CPU
		{F72E2586-D9C4-411C-A2AA-82A67E089AD5}.Debug|x64.Build.0 = Debug|Any CPU
		{F72E2586-D9C4-411C-A2AA-82A67E089AD5}.Debug|x86.ActiveCfg = Debug|Any CPU
		{F72E2586-D9C4-411C-A2AA-82A67E089AD5}.Debug|x86.Build.0 = Debug|Any CPU
		{F72E2586-D9C4-411C-A2AA-82A67E089AD5}.Release|Any CPU.ActiveCfg = Release|Any CPU
		{F72E2586-D9C4-411C-A2AA-82A67E089AD5}.Release|Any CPU.Build.0 = Release|Any CPU
		{F72E2586-D9C4-411C-A2AA-82A67E089AD5}.Release|x64.ActiveCfg = Release|Any CPU
		{F72E2586-D9C4-411C-A2AA-82A67E089AD5}.Release|x64.Build.0 = Release|Any CPU
		{F72E2586-D9C4-411C-A2AA-82A67E089AD5}.Release|x86.ActiveCfg = Release|Any CPU
		{F72E2586-D9C4-411C-A2AA-82A67E089AD5}.Release|x86.Build.0 = Release|Any CPU
		{DE491AB7-A766-4D5E-A97E-D9E84E9DA7A1}.Debug|Any CPU.ActiveCfg = Debug|Any CPU
		{DE491AB7-A766-4D5E-A97E-D9E84E9DA7A1}.Debug|Any CPU.Build.0 = Debug|Any CPU
		{DE491AB7-A766-4D5E-A97E-D9E84E9DA7A1}.Debug|x64.ActiveCfg = Debug|Any CPU
		{DE491AB7-A766-4D5E-A97E-D9E84E9DA7A1}.Debug|x64.Build.0 = Debug|Any CPU
		{DE491AB7-A766-4D5E-A97E-D9E84E9DA7A1}.Debug|x86.ActiveCfg = Debug|Any CPU
		{DE491AB7-A766-4D5E-A97E-D9E84E9DA7A1}.Debug|x86.Build.0 = Debug|Any CPU
		{DE491AB7-A766-4D5E-A97E-D9E84E9DA7A1}.Release|Any CPU.ActiveCfg = Release|Any CPU
		{DE491AB7-A766-4D5E-A97E-D9E84E9DA7A1}.Release|Any CPU.Build.0 = Release|Any CPU
		{DE491AB7-A766-4D5E-A97E-D9E84E9DA7A1}.Release|x64.ActiveCfg = Release|Any CPU
		{DE491AB7-A766-4D5E-A97E-D9E84E9DA7A1}.Release|x64.Build.0 = Release|Any CPU
		{DE491AB7-A766-4D5E-A97E-D9E84E9DA7A1}.Release|x86.ActiveCfg = Release|Any CPU
		{DE491AB7-A766-4D5E-A97E-D9E84E9DA7A1}.Release|x86.Build.0 = Release|Any CPU
		{92B4E483-987E-4E27-881A-5F45B3444BDE}.Debug|Any CPU.ActiveCfg = Debug|Any CPU
		{92B4E483-987E-4E27-881A-5F45B3444BDE}.Debug|Any CPU.Build.0 = Debug|Any CPU
		{92B4E483-987E-4E27-881A-5F45B3444BDE}.Debug|x64.ActiveCfg = Debug|Any CPU
		{92B4E483-987E-4E27-881A-5F45B3444BDE}.Debug|x64.Build.0 = Debug|Any CPU
		{92B4E483-987E-4E27-881A-5F45B3444BDE}.Debug|x86.ActiveCfg = Debug|Any CPU
		{92B4E483-987E-4E27-881A-5F45B3444BDE}.Debug|x86.Build.0 = Debug|Any CPU
		{92B4E483-987E-4E27-881A-5F45B3444BDE}.Release|Any CPU.ActiveCfg = Release|Any CPU
		{92B4E483-987E-4E27-881A-5F45B3444BDE}.Release|Any CPU.Build.0 = Release|Any CPU
		{92B4E483-987E-4E27-881A-5F45B3444BDE}.Release|x64.ActiveCfg = Release|Any CPU
		{92B4E483-987E-4E27-881A-5F45B3444BDE}.Release|x64.Build.0 = Release|Any CPU
		{92B4E483-987E-4E27-881A-5F45B3444BDE}.Release|x86.ActiveCfg = Release|Any CPU
		{92B4E483-987E-4E27-881A-5F45B3444BDE}.Release|x86.Build.0 = Release|Any CPU
		{0BDA6A88-A3B3-47BA-8A3A-06DE2DC910E3}.Debug|Any CPU.ActiveCfg = Debug|Any CPU
		{0BDA6A88-A3B3-47BA-8A3A-06DE2DC910E3}.Debug|Any CPU.Build.0 = Debug|Any CPU
		{0BDA6A88-A3B3-47BA-8A3A-06DE2DC910E3}.Debug|x64.ActiveCfg = Debug|Any CPU
		{0BDA6A88-A3B3-47BA-8A3A-06DE2DC910E3}.Debug|x64.Build.0 = Debug|Any CPU
		{0BDA6A88-A3B3-47BA-8A3A-06DE2DC910E3}.Debug|x86.ActiveCfg = Debug|Any CPU
		{0BDA6A88-A3B3-47BA-8A3A-06DE2DC910E3}.Debug|x86.Build.0 = Debug|Any CPU
		{0BDA6A88-A3B3-47BA-8A3A-06DE2DC910E3}.Release|Any CPU.ActiveCfg = Release|Any CPU
		{0BDA6A88-A3B3-47BA-8A3A-06DE2DC910E3}.Release|Any CPU.Build.0 = Release|Any CPU
		{0BDA6A88-A3B3-47BA-8A3A-06DE2DC910E3}.Release|x64.ActiveCfg = Release|Any CPU
		{0BDA6A88-A3B3-47BA-8A3A-06DE2DC910E3}.Release|x64.Build.0 = Release|Any CPU
		{0BDA6A88-A3B3-47BA-8A3A-06DE2DC910E3}.Release|x86.ActiveCfg = Release|Any CPU
		{0BDA6A88-A3B3-47BA-8A3A-06DE2DC910E3}.Release|x86.Build.0 = Release|Any CPU
		{A3A18126-54CC-4546-BEEC-216359C0E2A4}.Debug|Any CPU.ActiveCfg = Debug|Any CPU
		{A3A18126-54CC-4546-BEEC-216359C0E2A4}.Debug|Any CPU.Build.0 = Debug|Any CPU
		{A3A18126-54CC-4546-BEEC-216359C0E2A4}.Debug|x64.ActiveCfg = Debug|Any CPU
		{A3A18126-54CC-4546-BEEC-216359C0E2A4}.Debug|x64.Build.0 = Debug|Any CPU
		{A3A18126-54CC-4546-BEEC-216359C0E2A4}.Debug|x86.ActiveCfg = Debug|Any CPU
		{A3A18126-54CC-4546-BEEC-216359C0E2A4}.Debug|x86.Build.0 = Debug|Any CPU
		{A3A18126-54CC-4546-BEEC-216359C0E2A4}.Release|Any CPU.ActiveCfg = Release|Any CPU
		{A3A18126-54CC-4546-BEEC-216359C0E2A4}.Release|Any CPU.Build.0 = Release|Any CPU
		{A3A18126-54CC-4546-BEEC-216359C0E2A4}.Release|x64.ActiveCfg = Release|Any CPU
		{A3A18126-54CC-4546-BEEC-216359C0E2A4}.Release|x64.Build.0 = Release|Any CPU
		{A3A18126-54CC-4546-BEEC-216359C0E2A4}.Release|x86.ActiveCfg = Release|Any CPU
		{A3A18126-54CC-4546-BEEC-216359C0E2A4}.Release|x86.Build.0 = Release|Any CPU
		{46C1778A-1F17-41F8-93CA-F684DDE3D980}.Debug|Any CPU.ActiveCfg = Debug|Any CPU
		{46C1778A-1F17-41F8-93CA-F684DDE3D980}.Debug|Any CPU.Build.0 = Debug|Any CPU
		{46C1778A-1F17-41F8-93CA-F684DDE3D980}.Debug|x64.ActiveCfg = Debug|Any CPU
		{46C1778A-1F17-41F8-93CA-F684DDE3D980}.Debug|x64.Build.0 = Debug|Any CPU
		{46C1778A-1F17-41F8-93CA-F684DDE3D980}.Debug|x86.ActiveCfg = Debug|Any CPU
		{46C1778A-1F17-41F8-93CA-F684DDE3D980}.Debug|x86.Build.0 = Debug|Any CPU
		{46C1778A-1F17-41F8-93CA-F684DDE3D980}.Release|Any CPU.ActiveCfg = Release|Any CPU
		{46C1778A-1F17-41F8-93CA-F684DDE3D980}.Release|Any CPU.Build.0 = Release|Any CPU
		{46C1778A-1F17-41F8-93CA-F684DDE3D980}.Release|x64.ActiveCfg = Release|Any CPU
		{46C1778A-1F17-41F8-93CA-F684DDE3D980}.Release|x64.Build.0 = Release|Any CPU
		{46C1778A-1F17-41F8-93CA-F684DDE3D980}.Release|x86.ActiveCfg = Release|Any CPU
		{46C1778A-1F17-41F8-93CA-F684DDE3D980}.Release|x86.Build.0 = Release|Any CPU
		{A425DC2B-DB79-4FA4-912F-CCD3052BB0D0}.Debug|Any CPU.ActiveCfg = Debug|Any CPU
		{A425DC2B-DB79-4FA4-912F-CCD3052BB0D0}.Debug|Any CPU.Build.0 = Debug|Any CPU
		{A425DC2B-DB79-4FA4-912F-CCD3052BB0D0}.Debug|x64.ActiveCfg = Debug|Any CPU
		{A425DC2B-DB79-4FA4-912F-CCD3052BB0D0}.Debug|x64.Build.0 = Debug|Any CPU
		{A425DC2B-DB79-4FA4-912F-CCD3052BB0D0}.Debug|x86.ActiveCfg = Debug|Any CPU
		{A425DC2B-DB79-4FA4-912F-CCD3052BB0D0}.Debug|x86.Build.0 = Debug|Any CPU
		{A425DC2B-DB79-4FA4-912F-CCD3052BB0D0}.Release|Any CPU.ActiveCfg = Release|Any CPU
		{A425DC2B-DB79-4FA4-912F-CCD3052BB0D0}.Release|Any CPU.Build.0 = Release|Any CPU
		{A425DC2B-DB79-4FA4-912F-CCD3052BB0D0}.Release|x64.ActiveCfg = Release|Any CPU
		{A425DC2B-DB79-4FA4-912F-CCD3052BB0D0}.Release|x64.Build.0 = Release|Any CPU
		{A425DC2B-DB79-4FA4-912F-CCD3052BB0D0}.Release|x86.ActiveCfg = Release|Any CPU
		{A425DC2B-DB79-4FA4-912F-CCD3052BB0D0}.Release|x86.Build.0 = Release|Any CPU
		{23B5D202-4DF9-4DB6-BF15-BBC09DA93E8C}.Debug|Any CPU.ActiveCfg = Debug|Any CPU
		{23B5D202-4DF9-4DB6-BF15-BBC09DA93E8C}.Debug|Any CPU.Build.0 = Debug|Any CPU
		{23B5D202-4DF9-4DB6-BF15-BBC09DA93E8C}.Debug|x64.ActiveCfg = Debug|Any CPU
		{23B5D202-4DF9-4DB6-BF15-BBC09DA93E8C}.Debug|x64.Build.0 = Debug|Any CPU
		{23B5D202-4DF9-4DB6-BF15-BBC09DA93E8C}.Debug|x86.ActiveCfg = Debug|Any CPU
		{23B5D202-4DF9-4DB6-BF15-BBC09DA93E8C}.Debug|x86.Build.0 = Debug|Any CPU
		{23B5D202-4DF9-4DB6-BF15-BBC09DA93E8C}.Release|Any CPU.ActiveCfg = Release|Any CPU
		{23B5D202-4DF9-4DB6-BF15-BBC09DA93E8C}.Release|Any CPU.Build.0 = Release|Any CPU
		{23B5D202-4DF9-4DB6-BF15-BBC09DA93E8C}.Release|x64.ActiveCfg = Release|Any CPU
		{23B5D202-4DF9-4DB6-BF15-BBC09DA93E8C}.Release|x64.Build.0 = Release|Any CPU
		{23B5D202-4DF9-4DB6-BF15-BBC09DA93E8C}.Release|x86.ActiveCfg = Release|Any CPU
		{23B5D202-4DF9-4DB6-BF15-BBC09DA93E8C}.Release|x86.Build.0 = Release|Any CPU
		{82567AAE-80B6-4493-898E-92666DAF0114}.Debug|Any CPU.ActiveCfg = Debug|Any CPU
		{82567AAE-80B6-4493-898E-92666DAF0114}.Debug|Any CPU.Build.0 = Debug|Any CPU
		{82567AAE-80B6-4493-898E-92666DAF0114}.Debug|x64.ActiveCfg = Debug|Any CPU
		{82567AAE-80B6-4493-898E-92666DAF0114}.Debug|x64.Build.0 = Debug|Any CPU
		{82567AAE-80B6-4493-898E-92666DAF0114}.Debug|x86.ActiveCfg = Debug|Any CPU
		{82567AAE-80B6-4493-898E-92666DAF0114}.Debug|x86.Build.0 = Debug|Any CPU
		{82567AAE-80B6-4493-898E-92666DAF0114}.Release|Any CPU.ActiveCfg = Release|Any CPU
		{82567AAE-80B6-4493-898E-92666DAF0114}.Release|Any CPU.Build.0 = Release|Any CPU
		{82567AAE-80B6-4493-898E-92666DAF0114}.Release|x64.ActiveCfg = Release|Any CPU
		{82567AAE-80B6-4493-898E-92666DAF0114}.Release|x64.Build.0 = Release|Any CPU
		{82567AAE-80B6-4493-898E-92666DAF0114}.Release|x86.ActiveCfg = Release|Any CPU
		{82567AAE-80B6-4493-898E-92666DAF0114}.Release|x86.Build.0 = Release|Any CPU
		{EB3F05A2-239E-4ED3-8D9C-20D9C9AE5993}.Debug|Any CPU.ActiveCfg = Debug|Any CPU
		{EB3F05A2-239E-4ED3-8D9C-20D9C9AE5993}.Debug|Any CPU.Build.0 = Debug|Any CPU
		{EB3F05A2-239E-4ED3-8D9C-20D9C9AE5993}.Debug|x64.ActiveCfg = Debug|Any CPU
		{EB3F05A2-239E-4ED3-8D9C-20D9C9AE5993}.Debug|x64.Build.0 = Debug|Any CPU
		{EB3F05A2-239E-4ED3-8D9C-20D9C9AE5993}.Debug|x86.ActiveCfg = Debug|Any CPU
		{EB3F05A2-239E-4ED3-8D9C-20D9C9AE5993}.Debug|x86.Build.0 = Debug|Any CPU
		{EB3F05A2-239E-4ED3-8D9C-20D9C9AE5993}.Release|Any CPU.ActiveCfg = Release|Any CPU
		{EB3F05A2-239E-4ED3-8D9C-20D9C9AE5993}.Release|Any CPU.Build.0 = Release|Any CPU
		{EB3F05A2-239E-4ED3-8D9C-20D9C9AE5993}.Release|x64.ActiveCfg = Release|Any CPU
		{EB3F05A2-239E-4ED3-8D9C-20D9C9AE5993}.Release|x64.Build.0 = Release|Any CPU
		{EB3F05A2-239E-4ED3-8D9C-20D9C9AE5993}.Release|x86.ActiveCfg = Release|Any CPU
		{EB3F05A2-239E-4ED3-8D9C-20D9C9AE5993}.Release|x86.Build.0 = Release|Any CPU
		{A1F4D87B-151C-46B0-B2E0-FA713585DF08}.Debug|Any CPU.ActiveCfg = Debug|Any CPU
		{A1F4D87B-151C-46B0-B2E0-FA713585DF08}.Debug|Any CPU.Build.0 = Debug|Any CPU
		{A1F4D87B-151C-46B0-B2E0-FA713585DF08}.Debug|x64.ActiveCfg = Debug|Any CPU
		{A1F4D87B-151C-46B0-B2E0-FA713585DF08}.Debug|x64.Build.0 = Debug|Any CPU
		{A1F4D87B-151C-46B0-B2E0-FA713585DF08}.Debug|x86.ActiveCfg = Debug|Any CPU
		{A1F4D87B-151C-46B0-B2E0-FA713585DF08}.Debug|x86.Build.0 = Debug|Any CPU
		{A1F4D87B-151C-46B0-B2E0-FA713585DF08}.Release|Any CPU.ActiveCfg = Release|Any CPU
		{A1F4D87B-151C-46B0-B2E0-FA713585DF08}.Release|Any CPU.Build.0 = Release|Any CPU
		{A1F4D87B-151C-46B0-B2E0-FA713585DF08}.Release|x64.ActiveCfg = Release|Any CPU
		{A1F4D87B-151C-46B0-B2E0-FA713585DF08}.Release|x64.Build.0 = Release|Any CPU
		{A1F4D87B-151C-46B0-B2E0-FA713585DF08}.Release|x86.ActiveCfg = Release|Any CPU
		{A1F4D87B-151C-46B0-B2E0-FA713585DF08}.Release|x86.Build.0 = Release|Any CPU
		{E3515FF0-35F4-49B5-9AB5-7D76595784CC}.Debug|Any CPU.ActiveCfg = Debug|Any CPU
		{E3515FF0-35F4-49B5-9AB5-7D76595784CC}.Debug|Any CPU.Build.0 = Debug|Any CPU
		{E3515FF0-35F4-49B5-9AB5-7D76595784CC}.Debug|x64.ActiveCfg = Debug|Any CPU
		{E3515FF0-35F4-49B5-9AB5-7D76595784CC}.Debug|x64.Build.0 = Debug|Any CPU
		{E3515FF0-35F4-49B5-9AB5-7D76595784CC}.Debug|x86.ActiveCfg = Debug|Any CPU
		{E3515FF0-35F4-49B5-9AB5-7D76595784CC}.Debug|x86.Build.0 = Debug|Any CPU
		{E3515FF0-35F4-49B5-9AB5-7D76595784CC}.Release|Any CPU.ActiveCfg = Release|Any CPU
		{E3515FF0-35F4-49B5-9AB5-7D76595784CC}.Release|Any CPU.Build.0 = Release|Any CPU
		{E3515FF0-35F4-49B5-9AB5-7D76595784CC}.Release|x64.ActiveCfg = Release|Any CPU
		{E3515FF0-35F4-49B5-9AB5-7D76595784CC}.Release|x64.Build.0 = Release|Any CPU
		{E3515FF0-35F4-49B5-9AB5-7D76595784CC}.Release|x86.ActiveCfg = Release|Any CPU
		{E3515FF0-35F4-49B5-9AB5-7D76595784CC}.Release|x86.Build.0 = Release|Any CPU
		{8761A580-6DB5-490F-802A-5F1E06BBDACF}.Debug|Any CPU.ActiveCfg = Debug|Any CPU
		{8761A580-6DB5-490F-802A-5F1E06BBDACF}.Debug|Any CPU.Build.0 = Debug|Any CPU
		{8761A580-6DB5-490F-802A-5F1E06BBDACF}.Debug|x64.ActiveCfg = Debug|Any CPU
		{8761A580-6DB5-490F-802A-5F1E06BBDACF}.Debug|x64.Build.0 = Debug|Any CPU
		{8761A580-6DB5-490F-802A-5F1E06BBDACF}.Debug|x86.ActiveCfg = Debug|Any CPU
		{8761A580-6DB5-490F-802A-5F1E06BBDACF}.Debug|x86.Build.0 = Debug|Any CPU
		{8761A580-6DB5-490F-802A-5F1E06BBDACF}.Release|Any CPU.ActiveCfg = Release|Any CPU
		{8761A580-6DB5-490F-802A-5F1E06BBDACF}.Release|Any CPU.Build.0 = Release|Any CPU
		{8761A580-6DB5-490F-802A-5F1E06BBDACF}.Release|x64.ActiveCfg = Release|Any CPU
		{8761A580-6DB5-490F-802A-5F1E06BBDACF}.Release|x64.Build.0 = Release|Any CPU
		{8761A580-6DB5-490F-802A-5F1E06BBDACF}.Release|x86.ActiveCfg = Release|Any CPU
		{8761A580-6DB5-490F-802A-5F1E06BBDACF}.Release|x86.Build.0 = Release|Any CPU
	EndGlobalSection
	GlobalSection(SolutionProperties) = preSolution
		HideSolutionNode = FALSE
	EndGlobalSection
	GlobalSection(NestedProjects) = preSolution
		{C3DDCA1B-DB8F-4377-AD57-A1CE91BA9C91} = {FDC205CF-C62D-4489-A8D8-A9693F6F1977}
		{C5B16025-A6C2-4AC7-9695-C6E0FA284567} = {FDC205CF-C62D-4489-A8D8-A9693F6F1977}
		{FB5A7E0B-0DD6-473F-8E89-7BCD734ADD28} = {01B2C5E3-00CF-47C2-81D4-586351003AC8}
		{4FE8B691-3D54-4CBF-81D3-517EC20D50C4} = {01B2C5E3-00CF-47C2-81D4-586351003AC8}
		{F5428BB0-7B6A-4D06-8000-7141D9D38B44} = {FDC205CF-C62D-4489-A8D8-A9693F6F1977}
		{939EAC1F-E656-4D55-9E96-E63867FA092F} = {01B2C5E3-00CF-47C2-81D4-586351003AC8}
		{7BE5687D-2CEF-44B3-A781-FE25EE92C90D} = {FDC205CF-C62D-4489-A8D8-A9693F6F1977}
		{55F15970-D201-49F8-88D6-03DBB48045E5} = {FDC205CF-C62D-4489-A8D8-A9693F6F1977}
		{CF43E6CF-55CB-413C-9E49-35C2872427D0} = {01B2C5E3-00CF-47C2-81D4-586351003AC8}
		{E005E663-E497-4257-BEFD-56B23FAA4F6E} = {FDC205CF-C62D-4489-A8D8-A9693F6F1977}
		{893D66E5-ABD9-40FF-89D6-DE4CAE54A2E3} = {01B2C5E3-00CF-47C2-81D4-586351003AC8}
		{1F9E0EBC-8C07-4445-9F87-C65A71A3D38C} = {FDC205CF-C62D-4489-A8D8-A9693F6F1977}
		{E9D487A2-D47F-4FBB-88C3-BBAE566CF722} = {FDC205CF-C62D-4489-A8D8-A9693F6F1977}
		{071194AB-324A-4873-BEF2-3A2C3B9DD0B6} = {FDC205CF-C62D-4489-A8D8-A9693F6F1977}
		{8853C1B6-F854-48B6-B485-4316663C6341} = {8C1A6A40-19CE-4D8C-AE0E-B4BB17164FB3}
		{F8375AF7-6191-4E6B-8045-4B785924B694} = {8C1A6A40-19CE-4D8C-AE0E-B4BB17164FB3}
		{95DD6C67-A6EE-41D9-AAA0-37D15F5D0DD3} = {32C5CF40-B4B3-4DCF-9D1E-D7AE343EDBF4}
		{E3669EF4-37A7-4482-8ED2-A32ABF834332} = {8C1A6A40-19CE-4D8C-AE0E-B4BB17164FB3}
		{5CB6F97C-600F-4FF9-8AFD-11FDC95C6D56} = {8C1A6A40-19CE-4D8C-AE0E-B4BB17164FB3}
		{D8809E12-B631-4741-9C5F-E798AE48BE4F} = {8C1A6A40-19CE-4D8C-AE0E-B4BB17164FB3}
		{F72E2586-D9C4-411C-A2AA-82A67E089AD5} = {8C1A6A40-19CE-4D8C-AE0E-B4BB17164FB3}
		{DE491AB7-A766-4D5E-A97E-D9E84E9DA7A1} = {01B2C5E3-00CF-47C2-81D4-586351003AC8}
		{92B4E483-987E-4E27-881A-5F45B3444BDE} = {FDC205CF-C62D-4489-A8D8-A9693F6F1977}
		{0BDA6A88-A3B3-47BA-8A3A-06DE2DC910E3} = {01B2C5E3-00CF-47C2-81D4-586351003AC8}
		{A3A18126-54CC-4546-BEEC-216359C0E2A4} = {FDC205CF-C62D-4489-A8D8-A9693F6F1977}
		{46C1778A-1F17-41F8-93CA-F684DDE3D980} = {01B2C5E3-00CF-47C2-81D4-586351003AC8}
		{A425DC2B-DB79-4FA4-912F-CCD3052BB0D0} = {FDC205CF-C62D-4489-A8D8-A9693F6F1977}
		{23B5D202-4DF9-4DB6-BF15-BBC09DA93E8C} = {01B2C5E3-00CF-47C2-81D4-586351003AC8}
		{7BD3E198-6D23-AD67-DCEF-7B69C8FA0960} = {8C1A6A40-19CE-4D8C-AE0E-B4BB17164FB3}
		{82567AAE-80B6-4493-898E-92666DAF0114} = {7BD3E198-6D23-AD67-DCEF-7B69C8FA0960}
		{EB3F05A2-239E-4ED3-8D9C-20D9C9AE5993} = {FDC205CF-C62D-4489-A8D8-A9693F6F1977}
		{A1F4D87B-151C-46B0-B2E0-FA713585DF08} = {01B2C5E3-00CF-47C2-81D4-586351003AC8}
		{E3515FF0-35F4-49B5-9AB5-7D76595784CC} = {FDC205CF-C62D-4489-A8D8-A9693F6F1977}
		{8761A580-6DB5-490F-802A-5F1E06BBDACF} = {01B2C5E3-00CF-47C2-81D4-586351003AC8}
	EndGlobalSection
EndGlobal
